
Microsoft Visual Studio Solution File, Format Version 12.00
# Visual Studio Version 17
VisualStudioVersion = 17.5.33402.96
MinimumVisualStudioVersion = 10.0.40219.1
Project("{2150E333-8FDC-42A3-9474-1A3956D46DE8}") = "Solution Items", "Solution Items", "{7A96E037-B9A5-497C-8449-321A4DF768DC}"
	ProjectSection(SolutionItems) = preProject
		.editorconfig = .editorconfig
		.gitattributes = .gitattributes
		.gitignore = .gitignore
		.gitmodules = .gitmodules
		LICENSE.md = LICENSE.md
	EndProjectSection
EndProject
Project("{2150E333-8FDC-42A3-9474-1A3956D46DE8}") = "tools", "tools", "{154A0355-462C-4BE1-9437-21799A83ACB8}"
	ProjectSection(SolutionItems) = preProject
		tools\verbuild.ps1 = tools\verbuild.ps1
	EndProjectSection
EndProject
Project("{8BC9CEB8-8B4A-11D0-8D11-00A0C91BC942}") = "addon-editorhistory", "src\addon-editorhistory\editorhistory.vcxproj", "{9513A1A1-E1F9-4E48-A2EC-757C69DCD2EE}"
EndProject
Project("{8BC9CEB8-8B4A-11D0-8D11-00A0C91BC942}") = "addon-screenshot", "src\addon-screenshot\screenshot.vcxproj", "{C41F5614-4AC3-44F9-A00E-CF2F5F5A889B}"
EndProject
Global
	GlobalSection(SolutionConfigurationPlatforms) = preSolution
		Debug|32-bit = Debug|32-bit
		Debug|64-bit = Debug|64-bit
		Release|32-bit = Release|32-bit
		Release|64-bit = Release|64-bit
	EndGlobalSection
	GlobalSection(ProjectConfigurationPlatforms) = postSolution
		{9513A1A1-E1F9-4E48-A2EC-757C69DCD2EE}.Debug|32-bit.ActiveCfg = Debug|Win32
		{9513A1A1-E1F9-4E48-A2EC-757C69DCD2EE}.Debug|32-bit.Build.0 = Debug|Win32
		{9513A1A1-E1F9-4E48-A2EC-757C69DCD2EE}.Debug|64-bit.ActiveCfg = Debug|x64
		{9513A1A1-E1F9-4E48-A2EC-757C69DCD2EE}.Debug|64-bit.Build.0 = Debug|x64
		{9513A1A1-E1F9-4E48-A2EC-757C69DCD2EE}.Release|32-bit.ActiveCfg = Release|Win32
		{9513A1A1-E1F9-4E48-A2EC-757C69DCD2EE}.Release|32-bit.Build.0 = Release|Win32
		{9513A1A1-E1F9-4E48-A2EC-757C69DCD2EE}.Release|64-bit.ActiveCfg = Release|x64
		{9513A1A1-E1F9-4E48-A2EC-757C69DCD2EE}.Release|64-bit.Build.0 = Release|x64
		{C41F5614-4AC3-44F9-A00E-CF2F5F5A889B}.Debug|32-bit.ActiveCfg = Debug|Win32
		{C41F5614-4AC3-44F9-A00E-CF2F5F5A889B}.Debug|32-bit.Build.0 = Debug|Win32
		{C41F5614-4AC3-44F9-A00E-CF2F5F5A889B}.Debug|64-bit.ActiveCfg = Debug|x64
		{C41F5614-4AC3-44F9-A00E-CF2F5F5A889B}.Debug|64-bit.Build.0 = Debug|x64
		{C41F5614-4AC3-44F9-A00E-CF2F5F5A889B}.Release|32-bit.ActiveCfg = Release|Win32
		{C41F5614-4AC3-44F9-A00E-CF2F5F5A889B}.Release|32-bit.Build.0 = Release|Win32
		{C41F5614-4AC3-44F9-A00E-CF2F5F5A889B}.Release|64-bit.ActiveCfg = Release|x64
		{C41F5614-4AC3-44F9-A00E-CF2F5F5A889B}.Release|64-bit.Build.0 = Release|x64
	EndGlobalSection
	GlobalSection(SolutionProperties) = preSolution
		HideSolutionNode = FALSE
	EndGlobalSection
	GlobalSection(ExtensibilityGlobals) = postSolution
		SolutionGuid = {EA99629A-C595-46CC-9AAF-A380C70CBC92}
	EndGlobalSection
EndGlobal
